PODS:
  - SnapKit (5.6.0)
  - SwiftLint (0.49.1)
  - Toaster (2.3.0)

DEPENDENCIES:
  - SnapKit (~> 5.6.0)
  - SwiftLint
  - Toaster

SPEC REPOS:
  trunk:
    - SnapKit
    - SwiftLint
    - Toaster

SPEC CHECKSUMS:
  SnapKit: e01d52ebb8ddbc333eefe2132acf85c8227d9c25
  SwiftLint: 32ee33ded0636d0905ef6911b2b67bbaeeedafa5
  Toaster: c3473963c78e8cabbf6ea6f11ad0fdaae6f54987

PODFILE CHECKSUM: 6a954fb9eb5a5714e2387f16005a45d41d1c38fe

COCOAPODS: 1.11.3
